// !$*UTF8*$!
{
	archiveVersion = 1;
	classes = {
	};
	objectVersion = 50;
	objects = {

/* Begin PBXBuildFile section */
		17609D8C241E7047008B2A59 /* AppDelegate.swift in Sources */ = {isa = PBXBuildFile; fileRef = 17609D8B241E7047008B2A59 /* AppDelegate.swift */; };
		17609D8E241E7047008B2A59 /* SceneDelegate.swift in Sources */ = {isa = PBXBuildFile; fileRef = 17609D8D241E7047008B2A59 /* SceneDelegate.swift */; };
		17609D90241E7047008B2A59 /* ViewController.swift in Sources */ = {isa = PBXBuildFile; fileRef = 17609D8F241E7047008B2A59 /* ViewController.swift */; };
		17609D95241E7048008B2A59 /* Assets.xcassets in Resources */ = {isa = PBXBuildFile; fileRef = 17609D94241E7048008B2A59 /* Assets.xcassets */; };
		17609D98241E7048008B2A59 /* LaunchScreen.storyboard in Resources */ = {isa = PBXBuildFile; fileRef = 17609D96241E7048008B2A59 /* LaunchScreen.storyboard */; };
		17609DA3241E7048008B2A59 /* SampleRIBsFromTheMiddleTests.swift in Sources */ = {isa = PBXBuildFile; fileRef = 17609DA2241E7048008B2A59 /* SampleRIBsFromTheMiddleTests.swift */; };
		17609DAE241E7048008B2A59 /* SampleRIBsFromTheMiddleUITests.swift in Sources */ = {isa = PBXBuildFile; fileRef = 17609DAD241E7048008B2A59 /* SampleRIBsFromTheMiddleUITests.swift */; };
		17609DC0241E73A5008B2A59 /* RxRelay.framework in Frameworks */ = {isa = PBXBuildFile; fileRef = 17609DBC241E73A5008B2A59 /* RxRelay.framework */; };
		17609DC1241E73A5008B2A59 /* RxRelay.framework in Embed Frameworks */ = {isa = PBXBuildFile; fileRef = 17609DBC241E73A5008B2A59 /* RxRelay.framework */; settings = {ATTRIBUTES = (CodeSignOnCopy, RemoveHeadersOnCopy, ); }; };
		17609DC2241E73A5008B2A59 /* RIBs.framework in Frameworks */ = {isa = PBXBuildFile; fileRef = 17609DBD241E73A5008B2A59 /* RIBs.framework */; };
		17609DC3241E73A5008B2A59 /* RIBs.framework in Embed Frameworks */ = {isa = PBXBuildFile; fileRef = 17609DBD241E73A5008B2A59 /* RIBs.framework */; settings = {ATTRIBUTES = (CodeSignOnCopy, RemoveHeadersOnCopy, ); }; };
		17609DC4241E73A5008B2A59 /* RxSwift.framework in Frameworks */ = {isa = PBXBuildFile; fileRef = 17609DBE241E73A5008B2A59 /* RxSwift.framework */; };
		17609DC5241E73A5008B2A59 /* RxSwift.framework in Embed Frameworks */ = {isa = PBXBuildFile; fileRef = 17609DBE241E73A5008B2A59 /* RxSwift.framework */; settings = {ATTRIBUTES = (CodeSignOnCopy, RemoveHeadersOnCopy, ); }; };
		17609DC6241E73A5008B2A59 /* RxCocoa.framework in Frameworks */ = {isa = PBXBuildFile; fileRef = 17609DBF241E73A5008B2A59 /* RxCocoa.framework */; };
		17609DC7241E73A5008B2A59 /* RxCocoa.framework in Embed Frameworks */ = {isa = PBXBuildFile; fileRef = 17609DBF241E73A5008B2A59 /* RxCocoa.framework */; settings = {ATTRIBUTES = (CodeSignOnCopy, RemoveHeadersOnCopy, ); }; };
		17609DCA241E7A7A008B2A59 /* Main.storyboard in Resources */ = {isa = PBXBuildFile; fileRef = 17609DC9241E7A7A008B2A59 /* Main.storyboard */; };
/* End PBXBuildFile section */

/* Begin PBXContainerItemProxy section */
		17609D9F241E7048008B2A59 /* PBXContainerItemProxy */ = {
			isa = PBXContainerItemProxy;
			containerPortal = 17609D80241E7047008B2A59 /* Project object */;
			proxyType = 1;
			remoteGlobalIDString = 17609D87241E7047008B2A59;
			remoteInfo = SampleRIBsFromTheMiddle;
		};
		17609DAA241E7048008B2A59 /* PBXContainerItemProxy */ = {
			isa = PBXContainerItemProxy;
			containerPortal = 17609D80241E7047008B2A59 /* Project object */;
			proxyType = 1;
			remoteGlobalIDString = 17609D87241E7047008B2A59;
			remoteInfo = SampleRIBsFromTheMiddle;
		};
/* End PBXContainerItemProxy section */

/* Begin PBXCopyFilesBuildPhase section */
		17609DC8241E73A5008B2A59 /* Embed Frameworks */ = {
			isa = PBXCopyFilesBuildPhase;
			buildActionMask = 2147483647;
			dstPath = "";
			dstSubfolderSpec = 10;
			files = (
				17609DC7241E73A5008B2A59 /* RxCocoa.framework in Embed Frameworks */,
				17609DC3241E73A5008B2A59 /* RIBs.framework in Embed Frameworks */,
				17609DC1241E73A5008B2A59 /* RxRelay.framework in Embed Frameworks */,
				17609DC5241E73A5008B2A59 /* RxSwift.framework in Embed Frameworks */,
			);
			name = "Embed Frameworks";
			runOnlyForDeploymentPostprocessing = 0;
		};
/* End PBXCopyFilesBuildPhase section */

/* Begin PBXFileReference section */
		17609D88241E7047008B2A59 /* SampleRIBsFromTheMiddle.app */ = {isa = PBXFileReference; explicitFileType = wrapper.application; includeInIndex = 0; path = SampleRIBsFromTheMiddle.app; sourceTree = BUILT_PRODUCTS_DIR; };
		17609D8B241E7047008B2A59 /* AppDelegate.swift */ = {isa = PBXFileReference; lastKnownFileType = sourcecode.swift; path = AppDelegate.swift; sourceTree = "<group>"; };
		17609D8D241E7047008B2A59 /* SceneDelegate.swift */ = {isa = PBXFileReference; lastKnownFileType = sourcecode.swift; path = SceneDelegate.swift; sourceTree = "<group>"; };
		17609D8F241E7047008B2A59 /* ViewController.swift */ = {isa = PBXFileReference; lastKnownFileType = sourcecode.swift; path = ViewController.swift; sourceTree = "<group>"; };
		17609D94241E7048008B2A59 /* Assets.xcassets */ = {isa = PBXFileReference; lastKnownFileType = folder.assetcatalog; path = Assets.xcassets; sourceTree = "<group>"; };
		17609D97241E7048008B2A59 /* Base */ = {isa = PBXFileReference; lastKnownFileType = file.storyboard; name = Base; path = Base.lproj/LaunchScreen.storyboard; sourceTree = "<group>"; };
		17609D99241E7048008B2A59 /* Info.plist */ = {isa = PBXFileReference; lastKnownFileType = text.plist.xml; path = Info.plist; sourceTree = "<group>"; };
		17609D9E241E7048008B2A59 /* SampleRIBsFromTheMiddleTests.xctest */ = {isa = PBXFileReference; explicitFileType = wrapper.cfbundle; includeInIndex = 0; path = SampleRIBsFromTheMiddleTests.xctest; sourceTree = BUILT_PRODUCTS_DIR; };
		17609DA2241E7048008B2A59 /* SampleRIBsFromTheMiddleTests.swift */ = {isa = PBXFileReference; lastKnownFileType = sourcecode.swift; path = SampleRIBsFromTheMiddleTests.swift; sourceTree = "<group>"; };
		17609DA4241E7048008B2A59 /* Info.plist */ = {isa = PBXFileReference; lastKnownFileType = text.plist.xml; path = Info.plist; sourceTree = "<group>"; };
		17609DA9241E7048008B2A59 /* SampleRIBsFromTheMiddleUITests.xctest */ = {isa = PBXFileReference; explicitFileType = wrapper.cfbundle; includeInIndex = 0; path = SampleRIBsFromTheMiddleUITests.xctest; sourceTree = BUILT_PRODUCTS_DIR; };
		17609DAD241E7048008B2A59 /* SampleRIBsFromTheMiddleUITests.swift */ = {isa = PBXFileReference; lastKnownFileType = sourcecode.swift; path = SampleRIBsFromTheMiddleUITests.swift; sourceTree = "<group>"; };
		17609DAF241E7048008B2A59 /* Info.plist */ = {isa = PBXFileReference; lastKnownFileType = text.plist.xml; path = Info.plist; sourceTree = "<group>"; };
		17609DBC241E73A5008B2A59 /* RxRelay.framework */ = {isa = PBXFileReference; lastKnownFileType = wrapper.framework; name = RxRelay.framework; path = Carthage/Build/iOS/RxRelay.framework; sourceTree = "<group>"; };
		17609DBD241E73A5008B2A59 /* RIBs.framework */ = {isa = PBXFileReference; lastKnownFileType = wrapper.framework; name = RIBs.framework; path = Carthage/Build/iOS/RIBs.framework; sourceTree = "<group>"; };
		17609DBE241E73A5008B2A59 /* RxSwift.framework */ = {isa = PBXFileReference; lastKnownFileType = wrapper.framework; name = RxSwift.framework; path = Carthage/Build/iOS/RxSwift.framework; sourceTree = "<group>"; };
		17609DBF241E73A5008B2A59 /* RxCocoa.framework */ = {isa = PBXFileReference; lastKnownFileType = wrapper.framework; name = RxCocoa.framework; path = Carthage/Build/iOS/RxCocoa.framework; sourceTree = "<group>"; };
		17609DC9241E7A7A008B2A59 /* Main.storyboard */ = {isa = PBXFileReference; lastKnownFileType = file.storyboard; path = Main.storyboard; sourceTree = "<group>"; };
/* End PBXFileReference section */

/* Begin PBXFrameworksBuildPhase section */
		17609D85241E7047008B2A59 /* Frameworks */ = {
			isa = PBXFrameworksBuildPhase;
			buildActionMask = 2147483647;
			files = (
				17609DC6241E73A5008B2A59 /* RxCocoa.framework in Frameworks */,
				17609DC2241E73A5008B2A59 /* RIBs.framework in Frameworks */,
				17609DC0241E73A5008B2A59 /* RxRelay.framework in Frameworks */,
				17609DC4241E73A5008B2A59 /* RxSwift.framework in Frameworks */,
			);
			runOnlyForDeploymentPostprocessing = 0;
		};
		17609D9B241E7048008B2A59 /* Frameworks */ = {
			isa = PBXFrameworksBuildPhase;
			buildActionMask = 2147483647;
			files = (
			);
			runOnlyForDeploymentPostprocessing = 0;
		};
		17609DA6241E7048008B2A59 /* Frameworks */ = {
			isa = PBXFrameworksBuildPhase;
			buildActionMask = 2147483647;
			files = (
			);
			runOnlyForDeploymentPostprocessing = 0;
		};
/* End PBXFrameworksBuildPhase section */

/* Begin PBXGroup section */
		17609D7F241E7047008B2A59 = {
			isa = PBXGroup;
			children = (
				17609D8A241E7047008B2A59 /* SampleRIBsFromTheMiddle */,
				17609DA1241E7048008B2A59 /* SampleRIBsFromTheMiddleTests */,
				17609DAC241E7048008B2A59 /* SampleRIBsFromTheMiddleUITests */,
				17609D89241E7047008B2A59 /* Products */,
				17609DBB241E73A4008B2A59 /* Frameworks */,
			);
			sourceTree = "<group>";
		};
		17609D89241E7047008B2A59 /* Products */ = {
			isa = PBXGroup;
			children = (
				17609D88241E7047008B2A59 /* SampleRIBsFromTheMiddle.app */,
				17609D9E241E7048008B2A59 /* SampleRIBsFromTheMiddleTests.xctest */,
				17609DA9241E7048008B2A59 /* SampleRIBsFromTheMiddleUITests.xctest */,
			);
			name = Products;
			sourceTree = "<group>";
		};
		17609D8A241E7047008B2A59 /* SampleRIBsFromTheMiddle */ = {
			isa = PBXGroup;
			children = (
				17609D8B241E7047008B2A59 /* AppDelegate.swift */,
				17609D8D241E7047008B2A59 /* SceneDelegate.swift */,
				17609D8F241E7047008B2A59 /* ViewController.swift */,
				17609D94241E7048008B2A59 /* Assets.xcassets */,
				17609D96241E7048008B2A59 /* LaunchScreen.storyboard */,
				17609D99241E7048008B2A59 /* Info.plist */,
				17609DC9241E7A7A008B2A59 /* Main.storyboard */,
			);
			path = SampleRIBsFromTheMiddle;
			sourceTree = "<group>";
		};
		17609DA1241E7048008B2A59 /* SampleRIBsFromTheMiddleTests */ = {
			isa = PBXGroup;
			children = (
				17609DA2241E7048008B2A59 /* SampleRIBsFromTheMiddleTests.swift */,
				17609DA4241E7048008B2A59 /* Info.plist */,
			);
			path = SampleRIBsFromTheMiddleTests;
			sourceTree = "<group>";
		};
		17609DAC241E7048008B2A59 /* SampleRIBsFromTheMiddleUITests */ = {
			isa = PBXGroup;
			children = (
				17609DAD241E7048008B2A59 /* SampleRIBsFromTheMiddleUITests.swift */,
				17609DAF241E7048008B2A59 /* Info.plist */,
			);
			path = SampleRIBsFromTheMiddleUITests;
			sourceTree = "<group>";
		};
		17609DBB241E73A4008B2A59 /* Frameworks */ = {
			isa = PBXGroup;
			children = (
				17609DBD241E73A5008B2A59 /* RIBs.framework */,
				17609DBF241E73A5008B2A59 /* RxCocoa.framework */,
				17609DBC241E73A5008B2A59 /* RxRelay.framework */,
				17609DBE241E73A5008B2A59 /* RxSwift.framework */,
			);
			name = Frameworks;
			sourceTree = "<group>";
		};
/* End PBXGroup section */

/* Begin PBXNativeTarget section */
		17609D87241E7047008B2A59 /* SampleRIBsFromTheMiddle */ = {
			isa = PBXNativeTarget;
			buildConfigurationList = 17609DB2241E7048008B2A59 /* Build configuration list for PBXNativeTarget "SampleRIBsFromTheMiddle" */;
			buildPhases = (
				17609D84241E7047008B2A59 /* Sources */,
				17609D85241E7047008B2A59 /* Frameworks */,
				17609D86241E7047008B2A59 /* Resources */,
				17609DC8241E73A5008B2A59 /* Embed Frameworks */,
			);
			buildRules = (
			);
			dependencies = (
			);
			name = SampleRIBsFromTheMiddle;
			productName = SampleRIBsFromTheMiddle;
			productReference = 17609D88241E7047008B2A59 /* SampleRIBsFromTheMiddle.app */;
			productType = "com.apple.product-type.application";
		};
		17609D9D241E7048008B2A59 /* SampleRIBsFromTheMiddleTests */ = {
			isa = PBXNativeTarget;
			buildConfigurationList = 17609DB5241E7048008B2A59 /* Build configuration list for PBXNativeTarget "SampleRIBsFromTheMiddleTests" */;
			buildPhases = (
				17609D9A241E7048008B2A59 /* Sources */,
				17609D9B241E7048008B2A59 /* Frameworks */,
				17609D9C241E7048008B2A59 /* Resources */,
			);
			buildRules = (
			);
			dependencies = (
				17609DA0241E7048008B2A59 /* PBXTargetDependency */,
			);
			name = SampleRIBsFromTheMiddleTests;
			productName = SampleRIBsFromTheMiddleTests;
			productReference = 17609D9E241E7048008B2A59 /* SampleRIBsFromTheMiddleTests.xctest */;
			productType = "com.apple.product-type.bundle.unit-test";
		};
		17609DA8241E7048008B2A59 /* SampleRIBsFromTheMiddleUITests */ = {
			isa = PBXNativeTarget;
			buildConfigurationList = 17609DB8241E7048008B2A59 /* Build configuration list for PBXNativeTarget "SampleRIBsFromTheMiddleUITests" */;
			buildPhases = (
				17609DA5241E7048008B2A59 /* Sources */,
				17609DA6241E7048008B2A59 /* Frameworks */,
				17609DA7241E7048008B2A59 /* Resources */,
			);
			buildRules = (
			);
			dependencies = (
				17609DAB241E7048008B2A59 /* PBXTargetDependency */,
			);
			name = SampleRIBsFromTheMiddleUITests;
			productName = SampleRIBsFromTheMiddleUITests;
			productReference = 17609DA9241E7048008B2A59 /* SampleRIBsFromTheMiddleUITests.xctest */;
			productType = "com.apple.product-type.bundle.ui-testing";
		};
/* End PBXNativeTarget section */

/* Begin PBXProject section */
		17609D80241E7047008B2A59 /* Project object */ = {
			isa = PBXProject;
			attributes = {
				LastSwiftUpdateCheck = 1110;
				LastUpgradeCheck = 1110;
				ORGANIZATIONNAME = "Tatsunori Kuri";
				TargetAttributes = {
					17609D87241E7047008B2A59 = {
						CreatedOnToolsVersion = 11.1;
					};
					17609D9D241E7048008B2A59 = {
						CreatedOnToolsVersion = 11.1;
						TestTargetID = 17609D87241E7047008B2A59;
					};
					17609DA8241E7048008B2A59 = {
						CreatedOnToolsVersion = 11.1;
						TestTargetID = 17609D87241E7047008B2A59;
					};
				};
			};
			buildConfigurationList = 17609D83241E7047008B2A59 /* Build configuration list for PBXProject "SampleRIBsFromTheMiddle" */;
			compatibilityVersion = "Xcode 9.3";
			developmentRegion = en;
			hasScannedForEncodings = 0;
			knownRegions = (
				en,
				Base,
			);
			mainGroup = 17609D7F241E7047008B2A59;
			productRefGroup = 17609D89241E7047008B2A59 /* Products */;
			projectDirPath = "";
			projectRoot = "";
			targets = (
				17609D87241E7047008B2A59 /* SampleRIBsFromTheMiddle */,
				17609D9D241E7048008B2A59 /* SampleRIBsFromTheMiddleTests */,
				17609DA8241E7048008B2A59 /* SampleRIBsFromTheMiddleUITests */,
			);
		};
/* End PBXProject section */

/* Begin PBXResourcesBuildPhase section */
		17609D86241E7047008B2A59 /* Resources */ = {
			isa = PBXResourcesBuildPhase;
			buildActionMask = 2147483647;
			files = (
				17609DCA241E7A7A008B2A59 /* Main.storyboard in Resources */,
				17609D98241E7048008B2A59 /* LaunchScreen.storyboard in Resources */,
				17609D95241E7048008B2A59 /* Assets.xcassets in Resources */,
			);
			runOnlyForDeploymentPostprocessing = 0;
		};
		17609D9C241E7048008B2A59 /* Resources */ = {
			isa = PBXResourcesBuildPhase;
			buildActionMask = 2147483647;
			files = (
			);
			runOnlyForDeploymentPostprocessing = 0;
		};
		17609DA7241E7048008B2A59 /* Resources */ = {
			isa = PBXResourcesBuildPhase;
			buildActionMask = 2147483647;
			files = (
			);
			runOnlyForDeploymentPostprocessing = 0;
		};
/* End PBXResourcesBuildPhase section */

/* Begin PBXSourcesBuildPhase section */
		17609D84241E7047008B2A59 /* Sources */ = {
			isa = PBXSourcesBuildPhase;
			buildActionMask = 2147483647;
			files = (
				17609D90241E7047008B2A59 /* ViewController.swift in Sources */,
				17609D8C241E7047008B2A59 /* AppDelegate.swift in Sources */,
				17609D8E241E7047008B2A59 /* SceneDelegate.swift in Sources */,
			);
			runOnlyForDeploymentPostprocessing = 0;
		};
		17609D9A241E7048008B2A59 /* Sources */ = {
			isa = PBXSourcesBuildPhase;
			buildActionMask = 2147483647;
			files = (
				17609DA3241E7048008B2A59 /* SampleRIBsFromTheMiddleTests.swift in Sources */,
			);
			runOnlyForDeploymentPostprocessing = 0;
		};
		17609DA5241E7048008B2A59 /* Sources */ = {
			isa = PBXSourcesBuildPhase;
			buildActionMask = 2147483647;
			files = (
				17609DAE241E7048008B2A59 /* SampleRIBsFromTheMiddleUITests.swift in Sources */,
			);
			runOnlyForDeploymentPostprocessing = 0;
		};
/* End PBXSourcesBuildPhase section */

/* Begin PBXTargetDependency section */
		17609DA0241E7048008B2A59 /* PBXTargetDependency */ = {
			isa = PBXTargetDependency;
			target = 17609D87241E7047008B2A59 /* SampleRIBsFromTheMiddle */;
			targetProxy = 17609D9F241E7048008B2A59 /* PBXContainerItemProxy */;
		};
		17609DAB241E7048008B2A59 /* PBXTargetDependency */ = {
			isa = PBXTargetDependency;
			target = 17609D87241E7047008B2A59 /* SampleRIBsFromTheMiddle */;
			targetProxy = 17609DAA241E7048008B2A59 /* PBXContainerItemProxy */;
		};
/* End PBXTargetDependency section */

/* Begin PBXVariantGroup section */
		17609D96241E7048008B2A59 /* LaunchScreen.storyboard */ = {
			isa = PBXVariantGroup;
			children = (
				17609D97241E7048008B2A59 /* Base */,
			);
			name = LaunchScreen.storyboard;
			sourceTree = "<group>";
		};
/* End PBXVariantGroup section */

/* Begin XCBuildConfiguration section */
		17609DB0241E7048008B2A59 /* Debug */ = {
			isa = XCBuildConfiguration;
			buildSettings = {
				ALWAYS_SEARCH_USER_PATHS = NO;
				CLANG_ANALYZER_NONNULL = YES;
				CLANG_ANALYZER_NUMBER_OBJECT_CONVERSION = YES_AGGRESSIVE;
				CLANG_CXX_LANGUAGE_STANDARD = "gnu++14";
				CLANG_CXX_LIBRARY = "libc++";
				CLANG_ENABLE_MODULES = YES;
				CLANG_ENABLE_OBJC_ARC = YES;
				CLANG_ENABLE_OBJC_WEAK = YES;
				CLANG_WARN_BLOCK_CAPTURE_AUTORELEASING = YES;
				CLANG_WARN_BOOL_CONVERSION = YES;
				CLANG_WARN_COMMA = YES;
				CLANG_WARN_CONSTANT_CONVERSION = YES;
				CLANG_WARN_DEPRECATED_OBJC_IMPLEMENTATIONS = YES;
				CLANG_WARN_DIRECT_OBJC_ISA_USAGE = YES_ERROR;
				CLANG_WARN_DOCUMENTATION_COMMENTS = YES;
				CLANG_WARN_EMPTY_BODY = YES;
				CLANG_WARN_ENUM_CONVERSION = YES;
				CLANG_WARN_INFINITE_RECURSION = YES;
				CLANG_WARN_INT_CONVERSION = YES;
				CLANG_WARN_NON_LITERAL_NULL_CONVERSION = YES;
				CLANG_WARN_OBJC_IMPLICIT_RETAIN_SELF = YES;
				CLANG_WARN_OBJC_LITERAL_CONVERSION = YES;
				CLANG_WARN_OBJC_ROOT_CLASS = YES_ERROR;
				CLANG_WARN_RANGE_LOOP_ANALYSIS = YES;
				CLANG_WARN_STRICT_PROTOTYPES = YES;
				CLANG_WARN_SUSPICIOUS_MOVE = YES;
				CLANG_WARN_UNGUARDED_AVAILABILITY = YES_AGGRESSIVE;
				CLANG_WARN_UNREACHABLE_CODE = YES;
				CLANG_WARN__DUPLICATE_METHOD_MATCH = YES;
				COPY_PHASE_STRIP = NO;
				DEBUG_INFORMATION_FORMAT = dwarf;
				ENABLE_STRICT_OBJC_MSGSEND = YES;
				ENABLE_TESTABILITY = YES;
				GCC_C_LANGUAGE_STANDARD = gnu11;
				GCC_DYNAMIC_NO_PIC = NO;
				GCC_NO_COMMON_BLOCKS = YES;
				GCC_OPTIMIZATION_LEVEL = 0;
				GCC_PREPROCESSOR_DEFINITIONS = (
					"DEBUG=1",
					"$(inherited)",
				);
				GCC_WARN_64_TO_32_BIT_CONVERSION = YES;
				GCC_WARN_ABOUT_RETURN_TYPE = YES_ERROR;
				GCC_WARN_UNDECLARED_SELECTOR = YES;
				GCC_WARN_UNINITIALIZED_AUTOS = YES_AGGRESSIVE;
				GCC_WARN_UNUSED_FUNCTION = YES;
				GCC_WARN_UNUSED_VARIABLE = YES;
				IPHONEOS_DEPLOYMENT_TARGET = 13.1;
				MTL_ENABLE_DEBUG_INFO = INCLUDE_SOURCE;
				MTL_FAST_MATH = YES;
				ONLY_ACTIVE_ARCH = YES;
				SDKROOT = iphoneos;
				SWIFT_ACTIVE_COMPILATION_CONDITIONS = DEBUG;
				SWIFT_OPTIMIZATION_LEVEL = "-Onone";
			};
			name = Debug;
		};
		17609DB1241E7048008B2A59 /* Release */ = {
			isa = XCBuildConfiguration;
			buildSettings = {
				ALWAYS_SEARCH_USER_PATHS = NO;
				CLANG_ANALYZER_NONNULL = YES;
				CLANG_ANALYZER_NUMBER_OBJECT_CONVERSION = YES_AGGRESSIVE;
				CLANG_CXX_LANGUAGE_STANDARD = "gnu++14";
				CLANG_CXX_LIBRARY = "libc++";
				CLANG_ENABLE_MODULES = YES;
				CLANG_ENABLE_OBJC_ARC = YES;
				CLANG_ENABLE_OBJC_WEAK = YES;
				CLANG_WARN_BLOCK_CAPTURE_AUTORELEASING = YES;
				CLANG_WARN_BOOL_CONVERSION = YES;
				CLANG_WARN_COMMA = YES;
				CLANG_WARN_CONSTANT_CONVERSION = YES;
				CLANG_WARN_DEPRECATED_OBJC_IMPLEMENTATIONS = YES;
				CLANG_WARN_DIRECT_OBJC_ISA_USAGE = YES_ERROR;
				CLANG_WARN_DOCUMENTATION_COMMENTS = YES;
				CLANG_WARN_EMPTY_BODY = YES;
				CLANG_WARN_ENUM_CONVERSION = YES;
				CLANG_WARN_INFINITE_RECURSION = YES;
				CLANG_WARN_INT_CONVERSION = YES;
				CLANG_WARN_NON_LITERAL_NULL_CONVERSION = YES;
				CLANG_WARN_OBJC_IMPLICIT_RETAIN_SELF = YES;
				CLANG_WARN_OBJC_LITERAL_CONVERSION = YES;
				CLANG_WARN_OBJC_ROOT_CLASS = YES_ERROR;
				CLANG_WARN_RANGE_LOOP_ANALYSIS = YES;
				CLANG_WARN_STRICT_PROTOTYPES = YES;
				CLANG_WARN_SUSPICIOUS_MOVE = YES;
				CLANG_WARN_UNGUARDED_AVAILABILITY = YES_AGGRESSIVE;
				CLANG_WARN_UNREACHABLE_CODE = YES;
				CLANG_WARN__DUPLICATE_METHOD_MATCH = YES;
				COPY_PHASE_STRIP = NO;
				DEBUG_INFORMATION_FORMAT = "dwarf-with-dsym";
				ENABLE_NS_ASSERTIONS = NO;
				ENABLE_STRICT_OBJC_MSGSEND = YES;
				GCC_C_LANGUAGE_STANDARD = gnu11;
				GCC_NO_COMMON_BLOCKS = YES;
				GCC_WARN_64_TO_32_BIT_CONVERSION = YES;
				GCC_WARN_ABOUT_RETURN_TYPE = YES_ERROR;
				GCC_WARN_UNDECLARED_SELECTOR = YES;
				GCC_WARN_UNINITIALIZED_AUTOS = YES_AGGRESSIVE;
				GCC_WARN_UNUSED_FUNCTION = YES;
				GCC_WARN_UNUSED_VARIABLE = YES;
				IPHONEOS_DEPLOYMENT_TARGET = 13.1;
				MTL_ENABLE_DEBUG_INFO = NO;
				MTL_FAST_MATH = YES;
				SDKROOT = iphoneos;
				SWIFT_COMPILATION_MODE = wholemodule;
				SWIFT_OPTIMIZATION_LEVEL = "-O";
				VALIDATE_PRODUCT = YES;
			};
			name = Release;
		};
		17609DB3241E7048008B2A59 /* Debug */ = {
			isa = XCBuildConfiguration;
			buildSettings = {
				ASSETCATALOG_COMPILER_APPICON_NAME = AppIcon;
				CODE_SIGN_STYLE = Automatic;
				DEVELOPMENT_TEAM = MF73ETC99Z;
				FRAMEWORK_SEARCH_PATHS = (
					"$(inherited)",
					"$(PROJECT_DIR)/Carthage/Build/iOS",
				);
				INFOPLIST_FILE = SampleRIBsFromTheMiddle/Info.plist;
				IPHONEOS_DEPLOYMENT_TARGET = 13.0;
				LD_RUNPATH_SEARCH_PATHS = (
					"$(inherited)",
					"@executable_path/Frameworks",
				);
				PRODUCT_BUNDLE_IDENTIFIER = kuritatu18.SampleRIBsFromTheMiddle;
				PRODUCT_NAME = "$(TARGET_NAME)";
				SWIFT_VERSION = 5.0;
				TARGETED_DEVICE_FAMILY = "1,2";
			};
			name = Debug;
		};
		17609DB4241E7048008B2A59 /* Release */ = {
			isa = XCBuildConfiguration;
			buildSettings = {
				ASSETCATALOG_COMPILER_APPICON_NAME = AppIcon;
				CODE_SIGN_STYLE = Automatic;
				DEVELOPMENT_TEAM = MF73ETC99Z;
				FRAMEWORK_SEARCH_PATHS = (
					"$(inherited)",
					"$(PROJECT_DIR)/Carthage/Build/iOS",
				);
				INFOPLIST_FILE = SampleRIBsFromTheMiddle/Info.plist;
				IPHONEOS_DEPLOYMENT_TARGET = 13.0;
				LD_RUNPATH_SEARCH_PATHS = (
					"$(inherited)",
					"@executable_path/Frameworks",
				);
				PRODUCT_BUNDLE_IDENTIFIER = kuritatu18.SampleRIBsFromTheMiddle;
				PRODUCT_NAME = "$(TARGET_NAME)";
				SWIFT_VERSION = 5.0;
				TARGETED_DEVICE_FAMILY = "1,2";
			};
			name = Release;
		};
		17609DB6241E7048008B2A59 /* Debug */ = {
			isa = XCBuildConfiguration;
			buildSettings = {
				ALWAYS_EMBED_SWIFT_STANDARD_LIBRARIES = YES;
				BUNDLE_LOADER = "$(TEST_HOST)";
				CODE_SIGN_STYLE = Automatic;
				DEVELOPMENT_TEAM = MF73ETC99Z;
				INFOPLIST_FILE = SampleRIBsFromTheMiddleTests/Info.plist;
				IPHONEOS_DEPLOYMENT_TARGET = 13.1;
				LD_RUNPATH_SEARCH_PATHS = (
					"$(inherited)",
					"@executable_path/Frameworks",
					"@loader_path/Frameworks",
				);
				PRODUCT_BUNDLE_IDENTIFIER = kuritatu18.SampleRIBsFromTheMiddleTests;
				PRODUCT_NAME = "$(TARGET_NAME)";
				SWIFT_VERSION = 5.0;
				TARGETED_DEVICE_FAMILY = "1,2";
				TEST_HOST = "$(BUILT_PRODUCTS_DIR)/SampleRIBsFromTheMiddle.app/SampleRIBsFromTheMiddle";
			};
			name = Debug;
		};
		17609DB7241E7048008B2A59 /* Release */ = {
			isa = XCBuildConfiguration;
			buildSettings = {
				ALWAYS_EMBED_SWIFT_STANDARD_LIBRARIES = YES;
				BUNDLE_LOADER = "$(TEST_HOST)";
				CODE_SIGN_STYLE = Automatic;
				DEVELOPMENT_TEAM = MF73ETC99Z;
				INFOPLIST_FILE = SampleRIBsFromTheMiddleTests/Info.plist;
				IPHONEOS_DEPLOYMENT_TARGET = 13.1;
				LD_RUNPATH_SEARCH_PATHS = (
					"$(inherited)",
					"@executable_path/Frameworks",
					"@loader_path/Frameworks",
				);
				PRODUCT_BUNDLE_IDENTIFIER = kuritatu18.SampleRIBsFromTheMiddleTests;
				PRODUCT_NAME = "$(TARGET_NAME)";
				SWIFT_VERSION = 5.0;
				TARGETED_DEVICE_FAMILY = "1,2";
				TEST_HOST = "$(BUILT_PRODUCTS_DIR)/SampleRIBsFromTheMiddle.app/SampleRIBsFromTheMiddle";
			};
			name = Release;
		};
		17609DB9241E7048008B2A59 /* Debug */ = {
			isa = XCBuildConfiguration;
			buildSettings = {
				ALWAYS_EMBED_SWIFT_STANDARD_LIBRARIES = YES;
				CODE_SIGN_STYLE = Automatic;
				DEVELOPMENT_TEAM = MF73ETC99Z;
				INFOPLIST_FILE = SampleRIBsFromTheMiddleUITests/Info.plist;
				LD_RUNPATH_SEARCH_PATHS = (
					"$(inherited)",
					"@executable_path/Frameworks",
					"@loader_path/Frameworks",
				);
				PRODUCT_BUNDLE_IDENTIFIER = kuritatu18.SampleRIBsFromTheMiddleUITests;
				PRODUCT_NAME = "$(TARGET_NAME)";
				SWIFT_VERSION = 5.0;
				TARGETED_DEVICE_FAMILY = "1,2";
				TEST_TARGET_NAME = SampleRIBsFromTheMiddle;
			};
			name = Debug;
		};
		17609DBA241E7048008B2A59 /* Release */ = {
			isa = XCBuildConfiguration;
			buildSettings = {
				ALWAYS_EMBED_SWIFT_STANDARD_LIBRARIES = YES;
				CODE_SIGN_STYLE = Automatic;
				DEVELOPMENT_TEAM = MF73ETC99Z;
				INFOPLIST_FILE = SampleRIBsFromTheMiddleUITests/Info.plist;
				LD_RUNPATH_SEARCH_PATHS = (
					"$(inherited)",
					"@executable_path/Frameworks",
					"@loader_path/Frameworks",
				);
				PRODUCT_BUNDLE_IDENTIFIER = kuritatu18.SampleRIBsFromTheMiddleUITests;
				PRODUCT_NAME = "$(TARGET_NAME)";
				SWIFT_VERSION = 5.0;
				TARGETED_DEVICE_FAMILY = "1,2";
				TEST_TARGET_NAME = SampleRIBsFromTheMiddle;
			};
			name = Release;
		};
/* End XCBuildConfiguration section */

/* Begin XCConfigurationList section */
		17609D83241E7047008B2A59 /* Build configuration list for PBXProject "SampleRIBsFromTheMiddle" */ = {
			isa = XCConfigurationList;
			buildConfigurations = (
				17609DB0241E7048008B2A59 /* Debug */,
				17609DB1241E7048008B2A59 /* Release */,
			);
			defaultConfigurationIsVisible = 0;
			defaultConfigurationName = Release;
		};
		17609DB2241E7048008B2A59 /* Build configuration list for PBXNativeTarget "SampleRIBsFromTheMiddle" */ = {
			isa = XCConfigurationList;
			buildConfigurations = (
				17609DB3241E7048008B2A59 /* Debug */,
				17609DB4241E7048008B2A59 /* Release */,
			);
			defaultConfigurationIsVisible = 0;
			defaultConfigurationName = Release;
		};
		17609DB5241E7048008B2A59 /* Build configuration list for PBXNativeTarget "SampleRIBsFromTheMiddleTests" */ = {
			isa = XCConfigurationList;
			buildConfigurations = (
				17609DB6241E7048008B2A59 /* Debug */,
				17609DB7241E7048008B2A59 /* Release */,
			);
			defaultConfigurationIsVisible = 0;
			defaultConfigurationName = Release;
		};
		17609DB8241E7048008B2A59 /* Build configuration list for PBXNativeTarget "SampleRIBsFromTheMiddleUITests" */ = {
			isa = XCConfigurationList;
			buildConfigurations = (
				17609DB9241E7048008B2A59 /* Debug */,
				17609DBA241E7048008B2A59 /* Release */,
			);
			defaultConfigurationIsVisible = 0;
			defaultConfigurationName = Release;
		};
/* End XCConfigurationList section */
	};
	rootObject = 17609D80241E7047008B2A59 /* Project object */;
}
